
Microsoft Visual Studio Solution File, Format Version 12.00
# Visual Studio 2013
VisualStudioVersion = 12.0.21005.1
MinimumVisualStudioVersion = 10.0.40219.1
Project("{8BC9CEB8-8B4A-11D0-8D11-00A0C91BC942}") = "DirectXTex", "Projects\DLL\DirectXTex_Desktop.vcxproj", "{371B9FA9-4C90-4AC6-A123-ACED756D6C77}"
EndProject
Project("{2150E333-8FDC-42A3-9474-1A3956D46DE8}") = "DirectXTex", "DirectXTex", "{51C912DD-4321-4F39-A0B6-CDB392C00FA7}"
EndProject
Project("{2150E333-8FDC-42A3-9474-1A3956D46DE8}") = "DLL", "DLL", "{10FD56BC-6A7F-45AD-BD03-99C9CB8BBE70}"
EndProject
Project("{2150E333-8FDC-42A3-9474-1A3956D46DE8}") = "LIB", "LIB", "{E6DE36CE-62FE-411A-870E-3CB0857B3C6D}"
EndProject
Project("{8BC9CEB8-8B4A-11D0-8D11-00A0C91BC942}") = "DirectXTexs", "Projects\LIB\DirectXTex_Desktop.vcxproj", "{33A78588-DC76-4F69-A79C-D3FFA77059EB}"
EndProject
Project("{8BC9CEB8-8B4A-11D0-8D11-00A0C91BC942}") = "DDSView", "DDSView\DDSView_Desktop_2013.vcxproj", "{9D3EDCAD-A800-43F0-B77F-FE6E4DFA3D84}"
EndProject
Project("{8BC9CEB8-8B4A-11D0-8D11-00A0C91BC942}") = "texassemble", "Texassemble\Texassemble_Desktop_2013.vcxproj", "{8F18CBD7-4116-4956-BCD8-20D688A4CBD1}"
EndProject
Project("{8BC9CEB8-8B4A-11D0-8D11-00A0C91BC942}") = "texconv", "Texconv\Texconv_Desktop_2013.vcxproj", "{C3A65381-8FD3-4F69-B29E-654B4B0ED136}"
EndProject
Global
	GlobalSection(SolutionConfigurationPlatforms) = preSolution
		Debug|Any CPU = Debug|Any CPU
		Debug|ARM = Debug|ARM
		Debug|Win32 = Debug|Win32
		Debug|x64 = Debug|x64
		Profile|Any CPU = Profile|Any CPU
		Profile|ARM = Profile|ARM
		Profile|Win32 = Profile|Win32
		Profile|x64 = Profile|x64
		Release|Any CPU = Release|Any CPU
		Release|ARM = Release|ARM
		Release|Win32 = Release|Win32
		Release|x64 = Release|x64
	EndGlobalSection
	GlobalSection(ProjectConfigurationPlatforms) = postSolution
		{371B9FA9-4C90-4AC6-A123-ACED756D6C77}.Debug|Any CPU.ActiveCfg = Debug|Win32
		{371B9FA9-4C90-4AC6-A123-ACED756D6C77}.Debug|ARM.ActiveCfg = Debug|Win32
		{371B9FA9-4C90-4AC6-A123-ACED756D6C77}.Debug|Win32.ActiveCfg = Debug|Win32
		{371B9FA9-4C90-4AC6-A123-ACED756D6C77}.Debug|Win32.Build.0 = Debug|Win32
		{371B9FA9-4C90-4AC6-A123-ACED756D6C77}.Debug|Win32.Deploy.0 = Debug|Win32
		{371B9FA9-4C90-4AC6-A123-ACED756D6C77}.Debug|x64.ActiveCfg = Debug|x64
		{371B9FA9-4C90-4AC6-A123-ACED756D6C77}.Debug|x64.Build.0 = Debug|x64
		{371B9FA9-4C90-4AC6-A123-ACED756D6C77}.Profile|Any CPU.ActiveCfg = Profile|Win32
		{371B9FA9-4C90-4AC6-A123-ACED756D6C77}.Profile|ARM.ActiveCfg = Profile|Win32
		{371B9FA9-4C90-4AC6-A123-ACED756D6C77}.Profile|Win32.ActiveCfg = Profile|Win32
		{371B9FA9-4C90-4AC6-A123-ACED756D6C77}.Profile|Win32.Build.0 = Profile|Win32
		{371B9FA9-4C90-4AC6-A123-ACED756D6C77}.Profile|Win32.Deploy.0 = Profile|Win32
		{371B9FA9-4C90-4AC6-A123-ACED756D6C77}.Profile|x64.ActiveCfg = Profile|x64
		{371B9FA9-4C90-4AC6-A123-ACED756D6C77}.Profile|x64.Build.0 = Profile|x64
		{371B9FA9-4C90-4AC6-A123-ACED756D6C77}.Release|Any CPU.ActiveCfg = Release|Win32
		{371B9FA9-4C90-4AC6-A123-ACED756D6C77}.Release|ARM.ActiveCfg = Release|Win32
		{371B9FA9-4C90-4AC6-A123-ACED756D6C77}.Release|Win32.ActiveCfg = Release|Win32
		{371B9FA9-4C90-4AC6-A123-ACED756D6C77}.Release|Win32.Build.0 = Release|Win32
		{371B9FA9-4C90-4AC6-A123-ACED756D6C77}.Release|Win32.Deploy.0 = Release|Win32
		{371B9FA9-4C90-4AC6-A123-ACED756D6C77}.Release|x64.ActiveCfg = Release|x64
		{371B9FA9-4C90-4AC6-A123-ACED756D6C77}.Release|x64.Build.0 = Release|x64
		{33A78588-DC76-4F69-A79C-D3FFA77059EB}.Debug|Any CPU.ActiveCfg = Debug|Win32
		{33A78588-DC76-4F69-A79C-D3FFA77059EB}.Debug|ARM.ActiveCfg = Debug|Win32
		{33A78588-DC76-4F69-A79C-D3FFA77059EB}.Debug|Win32.ActiveCfg = Debug|Win32
		{33A78588-DC76-4F69-A79C-D3FFA77059EB}.Debug|Win32.Build.0 = Debug|Win32
		{33A78588-DC76-4F69-A79C-D3FFA77059EB}.Debug|x64.ActiveCfg = Debug|x64
		{33A78588-DC76-4F69-A79C-D3FFA77059EB}.Debug|x64.Build.0 = Debug|x64
		{33A78588-DC76-4F69-A79C-D3FFA77059EB}.Profile|Any CPU.ActiveCfg = Profile|Win32
		{33A78588-DC76-4F69-A79C-D3FFA77059EB}.Profile|ARM.ActiveCfg = Profile|Win32
		{33A78588-DC76-4F69-A79C-D3FFA77059EB}.Profile|Win32.ActiveCfg = Profile|Win32
		{33A78588-DC76-4F69-A79C-D3FFA77059EB}.Profile|Win32.Build.0 = Profile|Win32
		{33A78588-DC76-4F69-A79C-D3FFA77059EB}.Profile|x64.ActiveCfg = Profile|x64
		{33A78588-DC76-4F69-A79C-D3FFA77059EB}.Profile|x64.Build.0 = Profile|x64
		{33A78588-DC76-4F69-A79C-D3FFA77059EB}.Release|Any CPU.ActiveCfg = Release|Win32
		{33A78588-DC76-4F69-A79C-D3FFA77059EB}.Release|ARM.ActiveCfg = Release|Win32
		{33A78588-DC76-4F69-A79C-D3FFA77059EB}.Release|Win32.ActiveCfg = Release|Win32
		{33A78588-DC76-4F69-A79C-D3FFA77059EB}.Release|Win32.Build.0 = Release|Win32
		{33A78588-DC76-4F69-A79C-D3FFA77059EB}.Release|x64.ActiveCfg = Release|x64
		{33A78588-DC76-4F69-A79C-D3FFA77059EB}.Release|x64.Build.0 = Release|x64
		{9D3EDCAD-A800-43F0-B77F-FE6E4DFA3D84}.Debug|Any CPU.ActiveCfg = Debug|Win32
		{9D3EDCAD-A800-43F0-B77F-FE6E4DFA3D84}.Debug|ARM.ActiveCfg = Debug|Win32
		{9D3EDCAD-A800-43F0-B77F-FE6E4DFA3D84}.Debug|Win32.ActiveCfg = Debug|Win32
		{9D3EDCAD-A800-43F0-B77F-FE6E4DFA3D84}.Debug|Win32.Build.0 = Debug|Win32
		{9D3EDCAD-A800-43F0-B77F-FE6E4DFA3D84}.Debug|x64.ActiveCfg = Debug|x64
		{9D3EDCAD-A800-43F0-B77F-FE6E4DFA3D84}.Debug|x64.Build.0 = Debug|x64
		{9D3EDCAD-A800-43F0-B77F-FE6E4DFA3D84}.Profile|Any CPU.ActiveCfg = Profile|Win32
		{9D3EDCAD-A800-43F0-B77F-FE6E4DFA3D84}.Profile|ARM.ActiveCfg = Profile|Win32
		{9D3EDCAD-A800-43F0-B77F-FE6E4DFA3D84}.Profile|Win32.ActiveCfg = Profile|Win32
		{9D3EDCAD-A800-43F0-B77F-FE6E4DFA3D84}.Profile|Win32.Build.0 = Profile|Win32
		{9D3EDCAD-A800-43F0-B77F-FE6E4DFA3D84}.Profile|x64.ActiveCfg = Profile|x64
		{9D3EDCAD-A800-43F0-B77F-FE6E4DFA3D84}.Profile|x64.Build.0 = Profile|x64
		{9D3EDCAD-A800-43F0-B77F-FE6E4DFA3D84}.Release|Any CPU.ActiveCfg = Release|Win32
		{9D3EDCAD-A800-43F0-B77F-FE6E4DFA3D84}.Release|ARM.ActiveCfg = Release|Win32
		{9D3EDCAD-A800-43F0-B77F-FE6E4DFA3D84}.Release|Win32.ActiveCfg = Release|Win32
		{9D3EDCAD-A800-43F0-B77F-FE6E4DFA3D84}.Release|Win32.Build.0 = Release|Win32
		{9D3EDCAD-A800-43F0-B77F-FE6E4DFA3D84}.Release|x64.ActiveCfg = Release|x64
		{9D3EDCAD-A800-43F0-B77F-FE6E4DFA3D84}.Release|x64.Build.0 = Release|x64
		{8F18CBD7-4116-4956-BCD8-20D688A4CBD1}.Debug|Any CPU.ActiveCfg = Debug|Win32
		{8F18CBD7-4116-4956-BCD8-20D688A4CBD1}.Debug|ARM.ActiveCfg = Debug|Win32
		{8F18CBD7-4116-4956-BCD8-20D688A4CBD1}.Debug|Win32.ActiveCfg = Debug|Win32
		{8F18CBD7-4116-4956-BCD8-20D688A4CBD1}.Debug|Win32.Build.0 = Debug|Win32
		{8F18CBD7-4116-4956-BCD8-20D688A4CBD1}.Debug|x64.ActiveCfg = Debug|x64
		{8F18CBD7-4116-4956-BCD8-20D688A4CBD1}.Debug|x64.Build.0 = Debug|x64
		{8F18CBD7-4116-4956-BCD8-20D688A4CBD1}.Profile|Any CPU.ActiveCfg = Profile|Win32
		{8F18CBD7-4116-4956-BCD8-20D688A4CBD1}.Profile|ARM.ActiveCfg = Profile|Win32
		{8F18CBD7-4116-4956-BCD8-20D688A4CBD1}.Profile|Win32.ActiveCfg = Profile|Win32
		{8F18CBD7-4116-4956-BCD8-20D688A4CBD1}.Profile|Win32.Build.0 = Profile|Win32
		{8F18CBD7-4116-4956-BCD8-20D688A4CBD1}.Profile|x64.ActiveCfg = Profile|x64
		{8F18CBD7-4116-4956-BCD8-20D688A4CBD1}.Profile|x64.Build.0 = Profile|x64
		{8F18CBD7-4116-4956-BCD8-20D688A4CBD1}.Release|Any CPU.ActiveCfg = Release|Win32
		{8F18CBD7-4116-4956-BCD8-20D688A4CBD1}.Release|ARM.ActiveCfg = Release|Win32
		{8F18CBD7-4116-4956-BCD8-20D688A4CBD1}.Release|Win32.ActiveCfg = Release|Win32
		{8F18CBD7-4116-4956-BCD8-20D688A4CBD1}.Release|Win32.Build.0 = Release|Win32
		{8F18CBD7-4116-4956-BCD8-20D688A4CBD1}.Release|x64.ActiveCfg = Release|x64
		{8F18CBD7-4116-4956-BCD8-20D688A4CBD1}.Release|x64.Build.0 = Release|x64
		{C3A65381-8FD3-4F69-B29E-654B4B0ED136}.Debug|Any CPU.ActiveCfg = Debug|Win32
		{C3A65381-8FD3-4F69-B29E-654B4B0ED136}.Debug|ARM.ActiveCfg = Debug|Win32
		{C3A65381-8FD3-4F69-B29E-654B4B0ED136}.Debug|Win32.ActiveCfg = Debug|Win32
		{C3A65381-8FD3-4F69-B29E-654B4B0ED136}.Debug|Win32.Build.0 = Debug|Win32
		{C3A65381-8FD3-4F69-B29E-654B4B0ED136}.Debug|x64.ActiveCfg = Debug|x64
		{C3A65381-8FD3-4F69-B29E-654B4B0ED136}.Debug|x64.Build.0 = Debug|x64
		{C3A65381-8FD3-4F69-B29E-654B4B0ED136}.Profile|Any CPU.ActiveCfg = Profile|Win32
		{C3A65381-8FD3-4F69-B29E-654B4B0ED136}.Profile|ARM.ActiveCfg = Profile|Win32
		{C3A65381-8FD3-4F69-B29E-654B4B0ED136}.Profile|Win32.ActiveCfg = Profile|Win32
		{C3A65381-8FD3-4F69-B29E-654B4B0ED136}.Profile|Win32.Build.0 = Profile|Win32
		{C3A65381-8FD3-4F69-B29E-654B4B0ED136}.Profile|x64.ActiveCfg = Profile|x64
		{C3A65381-8FD3-4F69-B29E-654B4B0ED136}.Profile|x64.Build.0 = Profile|x64
		{C3A65381-8FD3-4F69-B29E-654B4B0ED136}.Release|Any CPU.ActiveCfg = Release|Win32
		{C3A65381-8FD3-4F69-B29E-654B4B0ED136}.Release|ARM.ActiveCfg = Release|Win32
		{C3A65381-8FD3-4F69-B29E-654B4B0ED136}.Release|Win32.ActiveCfg = Release|Win32
		{C3A65381-8FD3-4F69-B29E-654B4B0ED136}.Release|Win32.Build.0 = Release|Win32
		{C3A65381-8FD3-4F69-B29E-654B4B0ED136}.Release|x64.ActiveCfg = Release|x64
		{C3A65381-8FD3-4F69-B29E-654B4B0ED136}.Release|x64.Build.0 = Release|x64
	EndGlobalSection
	GlobalSection(SolutionProperties) = preSolution
		HideSolutionNode = FALSE
	EndGlobalSection
	GlobalSection(NestedProjects) = preSolution
		{10FD56BC-6A7F-45AD-BD03-99C9CB8BBE70} = {51C912DD-4321-4F39-A0B6-CDB392C00FA7}
		{E6DE36CE-62FE-411A-870E-3CB0857B3C6D} = {51C912DD-4321-4F39-A0B6-CDB392C00FA7}
		{9D3EDCAD-A800-43F0-B77F-FE6E4DFA3D84} = {51C912DD-4321-4F39-A0B6-CDB392C00FA7}
		{8F18CBD7-4116-4956-BCD8-20D688A4CBD1} = {51C912DD-4321-4F39-A0B6-CDB392C00FA7}
		{C3A65381-8FD3-4F69-B29E-654B4B0ED136} = {51C912DD-4321-4F39-A0B6-CDB392C00FA7}
		{371B9FA9-4C90-4AC6-A123-ACED756D6C77} = {10FD56BC-6A7F-45AD-BD03-99C9CB8BBE70}
		{33A78588-DC76-4F69-A79C-D3FFA77059EB} = {E6DE36CE-62FE-411A-870E-3CB0857B3C6D}
	EndGlobalSection
EndGlobal
